schema: '2.0'
stages:
  process_data:
    cmd: python src/make_data.py --input data/raw/telco_churn.csv --out 
      data/processed/telco_churn_processed.csv
    deps:
    - path: data/raw/telco_churn.csv
      hash: md5
      md5: 006527876bfe18c977d74eb4bc59443f
      size: 873370
    - path: src/make_data.py
      hash: md5
      md5: 66c1488377848667d76b0e356122cebe
      size: 4264
    outs:
    - path: data/processed/telco_churn_processed.csv
      hash: md5
      md5: 8be7cc5220abd6a3d0cea632f02e0194
      size: 1384340
  train:
    cmd: python src/train.py --params params.yaml
    deps:
    - path: data/processed/telco_churn_processed.csv
      hash: md5
      md5: 8be7cc5220abd6a3d0cea632f02e0194
      size: 1384340
    - path: params.yaml
      hash: md5
      md5: 27ecd1ade65ecaf8e0d22eda2335ad8a
      size: 643
    - path: src/train.py
      hash: md5
      md5: d5716b624af23ff8498fdbbdbb14e1a5
      size: 14178
    outs:
    - path: models/metrics.json
      hash: md5
      md5: 74ffa66ae4ad3ef543e219fe057e360d
      size: 157
    - path: models/model.joblib
      hash: md5
      md5: f9674c94650748f9c821667fd5b4c5ee
      size: 19532223
  data_prep:
    cmd: python src/data_prep.py --input data/raw/telco_churn.csv --out 
      data/processed/telco_churn_processed.csv
    deps:
    - path: data/raw/telco_churn.csv
      hash: md5
      md5: 006527876bfe18c977d74eb4bc59443f
      size: 873370
    - path: src/data_prep.py
      hash: md5
      md5: 67406076b8fafd91f36cb30c91a31501
      size: 2868
    outs:
    - path: data/processed/telco_churn_processed.csv
      hash: md5
      md5: 8be7cc5220abd6a3d0cea632f02e0194
      size: 1384340
