schema: '2.0'
stages:
  process_data:
    cmd: python src/make_data.py --input data/raw/telco_churn.csv --out 
      data/processed/telco_churn_processed.csv
    deps:
    - path: data/raw/telco_churn.csv
      hash: md5
      md5: 006527876bfe18c977d74eb4bc59443f
      size: 873370
    - path: src/make_data.py
      hash: md5
      md5: 66c1488377848667d76b0e356122cebe
      size: 4264
    outs:
    - path: data/processed/telco_churn_processed.csv
      hash: md5
      md5: 8be7cc5220abd6a3d0cea632f02e0194
      size: 1384340
  train:
    cmd: python src/train.py --params params.yaml
    deps:
    - path: data/processed/telco_churn_processed.csv
      hash: md5
      md5: 8be7cc5220abd6a3d0cea632f02e0194
      size: 1384340
    - path: params.yaml
      hash: md5
      md5: 927a4efd0ecd22df259a2a543f96c605
      size: 644
    - path: src/train.py
      hash: md5
      md5: fd116d4d0afc7ad824f68635f471f555
      size: 8553
    outs:
    - path: models/metrics.json
      hash: md5
      md5: 69682fa45ad9f8a34894a3f4d86e1172
      size: 157
    - path: models/model.joblib
      hash: md5
      md5: a0e6415539ce4a500d77bcab31bc6a94
      size: 109218159
  data_prep:
    cmd: python src/data_prep.py --input data/raw/telco_churn.csv --out 
      data/processed/telco_churn_processed.csv
    deps:
    - path: data/raw/telco_churn.csv
      hash: md5
      md5: 006527876bfe18c977d74eb4bc59443f
      size: 873370
    - path: src/data_prep.py
      hash: md5
      md5: 67406076b8fafd91f36cb30c91a31501
      size: 2868
    outs:
    - path: data/processed/telco_churn_processed.csv
      hash: md5
      md5: 8be7cc5220abd6a3d0cea632f02e0194
      size: 1384340
