schema: '2.0'
stages:
  process_data:
    cmd: python src/make_data.py --input data/raw/telco_churn.csv --out 
      data/processed/telco_churn_processed.csv
    deps:
    - path: data/raw/telco_churn.csv
      hash: md5
      md5: 006527876bfe18c977d74eb4bc59443f
      size: 873370
    - path: src/make_data.py
      hash: md5
      md5: 66c1488377848667d76b0e356122cebe
      size: 4264
    outs:
    - path: data/processed/telco_churn_processed.csv
      hash: md5
      md5: 8be7cc5220abd6a3d0cea632f02e0194
      size: 1384340
  train:
    cmd: python src/train.py --params params.yaml
    deps:
    - path: data/processed/telco_churn_processed.csv
      hash: md5
      md5: 8be7cc5220abd6a3d0cea632f02e0194
      size: 1384340
    - path: params.yaml
      hash: md5
      md5: 03aba0e0488b2d343ce6e07dffc01e84
      size: 643
    - path: src/train.py
      hash: md5
      md5: d5716b624af23ff8498fdbbdbb14e1a5
      size: 14178
    outs:
    - path: models/metrics.json
      hash: md5
      md5: 2d19da7d1d037317ed84b3c6bff35399
      size: 158
    - path: models/model.joblib
      hash: md5
      md5: f490fb9025a4b6277bd9f93c339a2831
      size: 14296719
  data_prep:
    cmd: python src/data_prep.py --input data/raw/telco_churn.csv --out 
      data/processed/telco_churn_processed.csv
    deps:
    - path: data/raw/telco_churn.csv
      hash: md5
      md5: 006527876bfe18c977d74eb4bc59443f
      size: 873370
    - path: src/data_prep.py
      hash: md5
      md5: 67406076b8fafd91f36cb30c91a31501
      size: 2868
    outs:
    - path: data/processed/telco_churn_processed.csv
      hash: md5
      md5: 8be7cc5220abd6a3d0cea632f02e0194
      size: 1384340
  evaluate:
    cmd: python src/evaluate.py
    deps:
    - path: data/processed/telco_churn_processed.csv
      hash: md5
      md5: 8be7cc5220abd6a3d0cea632f02e0194
      size: 1384340
    - path: models/model.joblib
      hash: md5
      md5: f490fb9025a4b6277bd9f93c339a2831
      size: 14296719
    - path: params.yaml
      hash: md5
      md5: 03aba0e0488b2d343ce6e07dffc01e84
      size: 643
    - path: src/evaluate.py
      hash: md5
      md5: 780994632289d1db8584373f66b7b1cd
      size: 9915
    outs:
    - path: metrics/classification_report.json
      hash: md5
      md5: c541d695de86b0ddce7393fe6ed71afe
      size: 710
    - path: metrics/evaluation_summary.json
      hash: md5
      md5: 26fe848182fb7af1a5874d52132f698b
      size: 611
    - path: plots/confusion_matrix.png
      hash: md5
      md5: 86e863abd1592c45430309ea466e480a
      size: 81623
    - path: plots/precision_recall_curve.png
      hash: md5
      md5: 9f94469df294b7c76eb30ac6dbcf3395
      size: 128639
    - path: plots/roc_curve.png
      hash: md5
      md5: eaa5603807273c8630a83071e905cc07
      size: 189323
